
Microsoft Visual Studio Solution File, Format Version 12.00
# Visual Studio Version 17
VisualStudioVersion = 17.3.32929.385
MinimumVisualStudioVersion = 10.0.40219.1
Project("{FAE04EC0-301F-11D3-BF4B-00C04F79EFBC}") = "Azimuth", "Azimuth\Azimuth.csproj", "{0482422A-262C-4E32-A126-97A75151E309}"
EndProject
Project("{FAE04EC0-301F-11D3-BF4B-00C04F79EFBC}") = "Azimuth-Test", "Azimuth-Test\Azimuth-Test.csproj", "{4478E788-926B-46B9-ACEF-C91ADEE47D1E}"
EndProject
Global
	GlobalSection(SolutionConfigurationPlatforms) = preSolution
		Debug|Any CPU = Debug|Any CPU
		Release|Any CPU = Release|Any CPU
	EndGlobalSection
	GlobalSection(ProjectConfigurationPlatforms) = postSolution
		{0482422A-262C-4E32-A126-97A75151E309}.Debug|Any CPU.ActiveCfg = Debug|Any CPU
		{0482422A-262C-4E32-A126-97A75151E309}.Debug|Any CPU.Build.0 = Debug|Any CPU
		{0482422A-262C-4E32-A126-97A75151E309}.Release|Any CPU.ActiveCfg = Release|Any CPU
		{0482422A-262C-4E32-A126-97A75151E309}.Release|Any CPU.Build.0 = Release|Any CPU
		{4478E788-926B-46B9-ACEF-C91ADEE47D1E}.Debug|Any CPU.ActiveCfg = Debug|Any CPU
		{4478E788-926B-46B9-ACEF-C91ADEE47D1E}.Debug|Any CPU.Build.0 = Debug|Any CPU
		{4478E788-926B-46B9-ACEF-C91ADEE47D1E}.Release|Any CPU.ActiveCfg = Release|Any CPU
		{4478E788-926B-46B9-ACEF-C91ADEE47D1E}.Release|Any CPU.Build.0 = Release|Any CPU
	EndGlobalSection
	GlobalSection(SolutionProperties) = preSolution
		HideSolutionNode = FALSE
	EndGlobalSection
	GlobalSection(ExtensibilityGlobals) = postSolution
		SolutionGuid = {54FBB7B7-CDC5-4DF5-A8F6-5140E7FBD9BD}
	EndGlobalSection
EndGlobal
